
Microsoft Visual Studio Solution File, Format Version 12.00
# Visual Studio Version 18
VisualStudioVersion = 18.0.11222.15 d18.0
MinimumVisualStudioVersion = 10.0.40219.1
Project("{FAE04EC0-301F-11D3-BF4B-00C04F79EFBC}") = "CloudView", "CloudView\CloudView.csproj", "{4DA65D1F-ECFC-43AC-B22E-5D40DE6F7F28}"
EndProject
Project("{FAE04EC0-301F-11D3-BF4B-00C04F79EFBC}") = "CloudView.Controls", "CloudView.Controls\CloudView.Controls.csproj", "{6DBDC382-E04E-18ED-7805-A4DF22787460}"
EndProject
Global
	GlobalSection(SolutionConfigurationPlatforms) = preSolution
		Debug|Any CPU = Debug|Any CPU
		Release|Any CPU = Release|Any CPU
	EndGlobalSection
	GlobalSection(ProjectConfigurationPlatforms) = postSolution
		{4DA65D1F-ECFC-43AC-B22E-5D40DE6F7F28}.Debug|Any CPU.ActiveCfg = Debug|Any CPU
		{4DA65D1F-ECFC-43AC-B22E-5D40DE6F7F28}.Debug|Any CPU.Build.0 = Debug|Any CPU
		{4DA65D1F-ECFC-43AC-B22E-5D40DE6F7F28}.Release|Any CPU.ActiveCfg = Release|Any CPU
		{4DA65D1F-ECFC-43AC-B22E-5D40DE6F7F28}.Release|Any CPU.Build.0 = Release|Any CPU
		{6DBDC382-E04E-18ED-7805-A4DF22787460}.Debug|Any CPU.ActiveCfg = Debug|Any CPU
		{6DBDC382-E04E-18ED-7805-A4DF22787460}.Debug|Any CPU.Build.0 = Debug|Any CPU
		{6DBDC382-E04E-18ED-7805-A4DF22787460}.Release|Any CPU.ActiveCfg = Release|Any CPU
		{6DBDC382-E04E-18ED-7805-A4DF22787460}.Release|Any CPU.Build.0 = Release|Any CPU
	EndGlobalSection
	GlobalSection(SolutionProperties) = preSolution
		HideSolutionNode = FALSE
	EndGlobalSection
	GlobalSection(ExtensibilityGlobals) = postSolution
		SolutionGuid = {D1326BD8-76A0-4FCE-B0B0-A960ACBC2042}
	EndGlobalSection
EndGlobal
